
Microsoft Visual Studio Solution File, Format Version 11.00
# Visual Studio 2010
Project("{FAE04EC0-301F-11D3-BF4B-00C04F79EFBC}") = "Channel9Plugin", "Channel9Plugin\Channel9Plugin.csproj", "{B2BAFE7D-3F20-4251-A144-70D327623D34}"
EndProject
Project("{FAE04EC0-301F-11D3-BF4B-00C04F79EFBC}") = "Channel9Plugin.Tests", "Channel9Plugin.Tests\Channel9Plugin.Tests.csproj", "{1A362122-8C58-42E5-99FA-E0EFCC6E196D}"
EndProject
Global
	GlobalSection(SolutionConfigurationPlatforms) = preSolution
		Debug|Any CPU = Debug|Any CPU
		Release|Any CPU = Release|Any CPU
	EndGlobalSection
	GlobalSection(ProjectConfigurationPlatforms) = postSolution
		{B2BAFE7D-3F20-4251-A144-70D327623D34}.Debug|Any CPU.ActiveCfg = Debug|Any CPU
		{B2BAFE7D-3F20-4251-A144-70D327623D34}.Debug|Any CPU.Build.0 = Debug|Any CPU
		{B2BAFE7D-3F20-4251-A144-70D327623D34}.Release|Any CPU.ActiveCfg = Release|Any CPU
		{B2BAFE7D-3F20-4251-A144-70D327623D34}.Release|Any CPU.Build.0 = Release|Any CPU
		{1A362122-8C58-42E5-99FA-E0EFCC6E196D}.Debug|Any CPU.ActiveCfg = Debug|Any CPU
		{1A362122-8C58-42E5-99FA-E0EFCC6E196D}.Debug|Any CPU.Build.0 = Debug|Any CPU
		{1A362122-8C58-42E5-99FA-E0EFCC6E196D}.Release|Any CPU.ActiveCfg = Release|Any CPU
		{1A362122-8C58-42E5-99FA-E0EFCC6E196D}.Release|Any CPU.Build.0 = Release|Any CPU
	EndGlobalSection
	GlobalSection(SolutionProperties) = preSolution
		HideSolutionNode = FALSE
	EndGlobalSection
EndGlobal
